
Microsoft Visual Studio Solution File, Format Version 12.00
# Visual Studio Version 17
VisualStudioVersion = 17.2.32616.157
MinimumVisualStudioVersion = 10.0.40219.1
Project("{FAE04EC0-301F-11D3-BF4B-00C04F79EFBC}") = "pismenka zachrana", "pismenka zachrana\pismenka zachrana.csproj", "{8FA4F0ED-83B8-4BD0-A8AF-7AF06FF7FC16}"
EndProject
Global
	GlobalSection(SolutionConfigurationPlatforms) = preSolution
		Debug|Any CPU = Debug|Any CPU
		Release|Any CPU = Release|Any CPU
	EndGlobalSection
	GlobalSection(ProjectConfigurationPlatforms) = postSolution
		{8FA4F0ED-83B8-4BD0-A8AF-7AF06FF7FC16}.Debug|Any CPU.ActiveCfg = Debug|Any CPU
		{8FA4F0ED-83B8-4BD0-A8AF-7AF06FF7FC16}.Debug|Any CPU.Build.0 = Debug|Any CPU
		{8FA4F0ED-83B8-4BD0-A8AF-7AF06FF7FC16}.Release|Any CPU.ActiveCfg = Release|Any CPU
		{8FA4F0ED-83B8-4BD0-A8AF-7AF06FF7FC16}.Release|Any CPU.Build.0 = Release|Any CPU
	EndGlobalSection
	GlobalSection(SolutionProperties) = preSolution
		HideSolutionNode = FALSE
	EndGlobalSection
	GlobalSection(ExtensibilityGlobals) = postSolution
		SolutionGuid = {60FB7CCD-BE2B-49C1-A845-FF9BA59A3B07}
	EndGlobalSection
EndGlobal
