
Microsoft Visual Studio Solution File, Format Version 12.00
# Visual Studio Version 16
VisualStudioVersion = 16.0.30907.101
MinimumVisualStudioVersion = 10.0.40219.1
Project("{FAE04EC0-301F-11D3-BF4B-00C04F79EFBC}") = "reakcidoba", "reakcidoba\reakcidoba.csproj", "{9F7DD6F7-6AA1-4556-A6CA-47123F28429C}"
EndProject
Global
	GlobalSection(SolutionConfigurationPlatforms) = preSolution
		Debug|Any CPU = Debug|Any CPU
		Release|Any CPU = Release|Any CPU
	EndGlobalSection
	GlobalSection(ProjectConfigurationPlatforms) = postSolution
		{9F7DD6F7-6AA1-4556-A6CA-47123F28429C}.Debug|Any CPU.ActiveCfg = Debug|Any CPU
		{9F7DD6F7-6AA1-4556-A6CA-47123F28429C}.Debug|Any CPU.Build.0 = Debug|Any CPU
		{9F7DD6F7-6AA1-4556-A6CA-47123F28429C}.Release|Any CPU.ActiveCfg = Release|Any CPU
		{9F7DD6F7-6AA1-4556-A6CA-47123F28429C}.Release|Any CPU.Build.0 = Release|Any CPU
	EndGlobalSection
	GlobalSection(SolutionProperties) = preSolution
		HideSolutionNode = FALSE
	EndGlobalSection
	GlobalSection(ExtensibilityGlobals) = postSolution
		SolutionGuid = {A164A5F5-597B-45CF-AB89-A1A657F7485D}
	EndGlobalSection
EndGlobal
