
Microsoft Visual Studio Solution File, Format Version 12.00
# Visual Studio Version 16
VisualStudioVersion = 16.0.31702.278
MinimumVisualStudioVersion = 10.0.40219.1
Project("{FAE04EC0-301F-11D3-BF4B-00C04F79EFBC}") = "Chat", "Chat\Chat.csproj", "{9EDBC83B-FA4D-4C23-BFBD-792741D86FD4}"
EndProject
Global
	GlobalSection(SolutionConfigurationPlatforms) = preSolution
		Debug|Any CPU = Debug|Any CPU
		Release|Any CPU = Release|Any CPU
	EndGlobalSection
	GlobalSection(ProjectConfigurationPlatforms) = postSolution
		{9EDBC83B-FA4D-4C23-BFBD-792741D86FD4}.Debug|Any CPU.ActiveCfg = Debug|Any CPU
		{9EDBC83B-FA4D-4C23-BFBD-792741D86FD4}.Debug|Any CPU.Build.0 = Debug|Any CPU
		{9EDBC83B-FA4D-4C23-BFBD-792741D86FD4}.Release|Any CPU.ActiveCfg = Release|Any CPU
		{9EDBC83B-FA4D-4C23-BFBD-792741D86FD4}.Release|Any CPU.Build.0 = Release|Any CPU
	EndGlobalSection
	GlobalSection(SolutionProperties) = preSolution
		HideSolutionNode = FALSE
	EndGlobalSection
	GlobalSection(ExtensibilityGlobals) = postSolution
		SolutionGuid = {E13EAFC2-25C6-4F24-8DE6-6F0218195DCF}
	EndGlobalSection
EndGlobal
